// !$*UTF8*$!
{
	archiveVersion = 1;
	classes = {
	};
	objectVersion = 56;
	objects = {

/* Begin PBXBuildFile section */
		2E01F161295D731B00D57070 /* Assets.xcassets in Resources */ = {isa = PBXBuildFile; fileRef = 2E01F160295D731B00D57070 /* Assets.xcassets */; };
		2E01F164295D731B00D57070 /* Preview Assets.xcassets in Resources */ = {isa = PBXBuildFile; fileRef = 2E01F163295D731B00D57070 /* Preview Assets.xcassets */; };
		EA325B5D39C42D83668C4FCC /* Pods_BusinessCard.framework in Frameworks */ = {isa = PBXBuildFile; fileRef = 918BE2C99162348CCE10A421 /* Pods_BusinessCard.framework */; };
		F560888429B79ADA00DF82E9 /* IconToggle.swift in Sources */ = {isa = PBXBuildFile; fileRef = F560887129B79ADA00DF82E9 /* IconToggle.swift */; };
		F560888529B79ADA00DF82E9 /* CardFront.swift in Sources */ = {isa = PBXBuildFile; fileRef = F560887229B79ADA00DF82E9 /* CardFront.swift */; };
		F560888629B79ADA00DF82E9 /* CardBack.swift in Sources */ = {isa = PBXBuildFile; fileRef = F560887329B79ADA00DF82E9 /* CardBack.swift */; };
		F560888729B79ADA00DF82E9 /* IconView.swift in Sources */ = {isa = PBXBuildFile; fileRef = F560887429B79ADA00DF82E9 /* IconView.swift */; };
		F560888829B79ADA00DF82E9 /* CardView.swift in Sources */ = {isa = PBXBuildFile; fileRef = F560887529B79ADA00DF82E9 /* CardView.swift */; };
		F560888929B79ADA00DF82E9 /* WebViewI.swift in Sources */ = {isa = PBXBuildFile; fileRef = F560887629B79ADA00DF82E9 /* WebViewI.swift */; };
		F560888A29B79ADA00DF82E9 /* WebViewT.swift in Sources */ = {isa = PBXBuildFile; fileRef = F560887729B79ADA00DF82E9 /* WebViewT.swift */; };
		F560888F29B79ADA00DF82E9 /* CreateViewModel.swift in Sources */ = {isa = PBXBuildFile; fileRef = F560887D29B79ADA00DF82E9 /* CreateViewModel.swift */; };
		F560889029B79ADA00DF82E9 /* CreateModel.swift in Sources */ = {isa = PBXBuildFile; fileRef = F560887E29B79ADA00DF82E9 /* CreateModel.swift */; };
		F560889129B79ADA00DF82E9 /* CreateView.swift in Sources */ = {isa = PBXBuildFile; fileRef = F560887F29B79ADA00DF82E9 /* CreateView.swift */; };
		F560889229B79ADA00DF82E9 /* ImagePicker.swift in Sources */ = {isa = PBXBuildFile; fileRef = F560888029B79ADA00DF82E9 /* ImagePicker.swift */; };
		F560889329B79ADA00DF82E9 /* PreviewModal.swift in Sources */ = {isa = PBXBuildFile; fileRef = F560888129B79ADA00DF82E9 /* PreviewModal.swift */; };
		F56088A729B79B6E00DF82E9 /* HomeView.swift in Sources */ = {isa = PBXBuildFile; fileRef = F56088A129B79B6E00DF82E9 /* HomeView.swift */; };
		F56088A829B79B6E00DF82E9 /* setting.swift in Sources */ = {isa = PBXBuildFile; fileRef = F56088A229B79B6E00DF82E9 /* setting.swift */; };
		F56088A929B79B6E00DF82E9 /* LoginView.swift in Sources */ = {isa = PBXBuildFile; fileRef = F56088A329B79B6E00DF82E9 /* LoginView.swift */; };
		F56088AA29B79B6E00DF82E9 /* SignUpViewModel.swift in Sources */ = {isa = PBXBuildFile; fileRef = F56088A429B79B6E00DF82E9 /* SignUpViewModel.swift */; };
		F56088AB29B79B6E00DF82E9 /* ContentView.swift in Sources */ = {isa = PBXBuildFile; fileRef = F56088A529B79B6E00DF82E9 /* ContentView.swift */; };
		F56088AC29B79B6E00DF82E9 /* SignUp.swift in Sources */ = {isa = PBXBuildFile; fileRef = F56088A629B79B6E00DF82E9 /* SignUp.swift */; };
		F5F9A11B29A63E69001AD719 /* AuthUser.swift in Sources */ = {isa = PBXBuildFile; fileRef = F5F9A11A29A63E69001AD719 /* AuthUser.swift */; };
		F5FAEDD829649B4300E64997 /* TextField+Extension.swift in Sources */ = {isa = PBXBuildFile; fileRef = F5FAEDD729649B4300E64997 /* TextField+Extension.swift */; };
		F5FAEDDB2965BE8F00E64997 /* Card.swift in Sources */ = {isa = PBXBuildFile; fileRef = F5FAEDDA2965BE8F00E64997 /* Card.swift */; };
		F5FAEDDF2965D51100E64997 /* GoogleService-Info.plist in Resources */ = {isa = PBXBuildFile; fileRef = F5FAEDDE2965D51100E64997 /* GoogleService-Info.plist */; };
		F5FAEDE72965DB9E00E64997 /* BusinessCardApp.swift in Sources */ = {isa = PBXBuildFile; fileRef = F5FAEDE62965DB9E00E64997 /* BusinessCardApp.swift */; };
		F5FAEDEA2965DBF100E64997 /* AppDelegate.swift in Sources */ = {isa = PBXBuildFile; fileRef = F5FAEDE92965DBF100E64997 /* AppDelegate.swift */; };
		F5FAEE232969B95500E64997 /* User.swift in Sources */ = {isa = PBXBuildFile; fileRef = F5FAEE222969B95500E64997 /* User.swift */; };
/* End PBXBuildFile section */

/* Begin PBXFileReference section */
		2E01F159295D731A00D57070 /* BusinessCard.app */ = {isa = PBXFileReference; explicitFileType = wrapper.application; includeInIndex = 0; path = BusinessCard.app; sourceTree = BUILT_PRODUCTS_DIR; };
		2E01F160295D731B00D57070 /* Assets.xcassets */ = {isa = PBXFileReference; lastKnownFileType = folder.assetcatalog; path = Assets.xcassets; sourceTree = "<group>"; };
		2E01F163295D731B00D57070 /* Preview Assets.xcassets */ = {isa = PBXFileReference; lastKnownFileType = folder.assetcatalog; path = "Preview Assets.xcassets"; sourceTree = "<group>"; };
		4F53FA3313FC230F148E28C6 /* Pods-BusinessCard.release.xcconfig */ = {isa = PBXFileReference; includeInIndex = 1; lastKnownFileType = text.xcconfig; name = "Pods-BusinessCard.release.xcconfig"; path = "Target Support Files/Pods-BusinessCard/Pods-BusinessCard.release.xcconfig"; sourceTree = "<group>"; };
		918BE2C99162348CCE10A421 /* Pods_BusinessCard.framework */ = {isa = PBXFileReference; explicitFileType = wrapper.framework; includeInIndex = 0; path = Pods_BusinessCard.framework; sourceTree = BUILT_PRODUCTS_DIR; };
		E942BB22F54B919DC5361533 /* Pods-BusinessCard.debug.xcconfig */ = {isa = PBXFileReference; includeInIndex = 1; lastKnownFileType = text.xcconfig; name = "Pods-BusinessCard.debug.xcconfig"; path = "Target Support Files/Pods-BusinessCard/Pods-BusinessCard.debug.xcconfig"; sourceTree = "<group>"; };
		F560887129B79ADA00DF82E9 /* IconToggle.swift */ = {isa = PBXFileReference; fileEncoding = 4; lastKnownFileType = sourcecode.swift; path = IconToggle.swift; sourceTree = "<group>"; };
		F560887229B79ADA00DF82E9 /* CardFront.swift */ = {isa = PBXFileReference; fileEncoding = 4; lastKnownFileType = sourcecode.swift; path = CardFront.swift; sourceTree = "<group>"; };
		F560887329B79ADA00DF82E9 /* CardBack.swift */ = {isa = PBXFileReference; fileEncoding = 4; lastKnownFileType = sourcecode.swift; path = CardBack.swift; sourceTree = "<group>"; };
		F560887429B79ADA00DF82E9 /* IconView.swift */ = {isa = PBXFileReference; fileEncoding = 4; lastKnownFileType = sourcecode.swift; path = IconView.swift; sourceTree = "<group>"; };
		F560887529B79ADA00DF82E9 /* CardView.swift */ = {isa = PBXFileReference; fileEncoding = 4; lastKnownFileType = sourcecode.swift; path = CardView.swift; sourceTree = "<group>"; };
		F560887629B79ADA00DF82E9 /* WebViewI.swift */ = {isa = PBXFileReference; fileEncoding = 4; lastKnownFileType = sourcecode.swift; path = WebViewI.swift; sourceTree = "<group>"; };
		F560887729B79ADA00DF82E9 /* WebViewT.swift */ = {isa = PBXFileReference; fileEncoding = 4; lastKnownFileType = sourcecode.swift; path = WebViewT.swift; sourceTree = "<group>"; };
		F560887D29B79ADA00DF82E9 /* CreateViewModel.swift */ = {isa = PBXFileReference; fileEncoding = 4; lastKnownFileType = sourcecode.swift; path = CreateViewModel.swift; sourceTree = "<group>"; };
		F560887E29B79ADA00DF82E9 /* CreateModel.swift */ = {isa = PBXFileReference; fileEncoding = 4; lastKnownFileType = sourcecode.swift; path = CreateModel.swift; sourceTree = "<group>"; };
		F560887F29B79ADA00DF82E9 /* CreateView.swift */ = {isa = PBXFileReference; fileEncoding = 4; lastKnownFileType = sourcecode.swift; path = CreateView.swift; sourceTree = "<group>"; };
		F560888029B79ADA00DF82E9 /* ImagePicker.swift */ = {isa = PBXFileReference; fileEncoding = 4; lastKnownFileType = sourcecode.swift; path = ImagePicker.swift; sourceTree = "<group>"; };
		F560888129B79ADA00DF82E9 /* PreviewModal.swift */ = {isa = PBXFileReference; fileEncoding = 4; lastKnownFileType = sourcecode.swift; path = PreviewModal.swift; sourceTree = "<group>"; };
		F56088A129B79B6E00DF82E9 /* HomeView.swift */ = {isa = PBXFileReference; fileEncoding = 4; lastKnownFileType = sourcecode.swift; name = HomeView.swift; path = BusinessCard/Screen/HomeView.swift; sourceTree = SOURCE_ROOT; };
		F56088A229B79B6E00DF82E9 /* setting.swift */ = {isa = PBXFileReference; fileEncoding = 4; lastKnownFileType = sourcecode.swift; name = setting.swift; path = BusinessCard/Screen/setting.swift; sourceTree = SOURCE_ROOT; };
		F56088A329B79B6E00DF82E9 /* LoginView.swift */ = {isa = PBXFileReference; fileEncoding = 4; lastKnownFileType = sourcecode.swift; name = LoginView.swift; path = BusinessCard/Screen/LoginView.swift; sourceTree = SOURCE_ROOT; };
		F56088A429B79B6E00DF82E9 /* SignUpViewModel.swift */ = {isa = PBXFileReference; fileEncoding = 4; lastKnownFileType = sourcecode.swift; name = SignUpViewModel.swift; path = BusinessCard/Screen/SignUpViewModel.swift; sourceTree = SOURCE_ROOT; };
		F56088A529B79B6E00DF82E9 /* ContentView.swift */ = {isa = PBXFileReference; fileEncoding = 4; lastKnownFileType = sourcecode.swift; name = ContentView.swift; path = BusinessCard/Screen/ContentView.swift; sourceTree = SOURCE_ROOT; };
		F56088A629B79B6E00DF82E9 /* SignUp.swift */ = {isa = PBXFileReference; fileEncoding = 4; lastKnownFileType = sourcecode.swift; name = SignUp.swift; path = BusinessCard/Screen/SignUp.swift; sourceTree = SOURCE_ROOT; };
		F5F9A11A29A63E69001AD719 /* AuthUser.swift */ = {isa = PBXFileReference; lastKnownFileType = sourcecode.swift; path = AuthUser.swift; sourceTree = "<group>"; };
		F5FAEDD729649B4300E64997 /* TextField+Extension.swift */ = {isa = PBXFileReference; lastKnownFileType = sourcecode.swift; path = "TextField+Extension.swift"; sourceTree = "<group>"; };
		F5FAEDDA2965BE8F00E64997 /* Card.swift */ = {isa = PBXFileReference; lastKnownFileType = sourcecode.swift; path = Card.swift; sourceTree = "<group>"; };
		F5FAEDDE2965D51100E64997 /* GoogleService-Info.plist */ = {isa = PBXFileReference; fileEncoding = 4; lastKnownFileType = text.plist.xml; path = "GoogleService-Info.plist"; sourceTree = "<group>"; };
		F5FAEDE62965DB9E00E64997 /* BusinessCardApp.swift */ = {isa = PBXFileReference; lastKnownFileType = sourcecode.swift; name = BusinessCardApp.swift; path = BusinessCard/App/BusinessCardApp.swift; sourceTree = SOURCE_ROOT; };
		F5FAEDE92965DBF100E64997 /* AppDelegate.swift */ = {isa = PBXFileReference; lastKnownFileType = sourcecode.swift; path = AppDelegate.swift; sourceTree = "<group>"; };
		F5FAEE222969B95500E64997 /* User.swift */ = {isa = PBXFileReference; lastKnownFileType = sourcecode.swift; path = User.swift; sourceTree = "<group>"; };
/* End PBXFileReference section */

/* Begin PBXFrameworksBuildPhase section */
		2E01F156295D731A00D57070 /* Frameworks */ = {
			isa = PBXFrameworksBuildPhase;
			buildActionMask = 2147483647;
			files = (
				EA325B5D39C42D83668C4FCC /* Pods_BusinessCard.framework in Frameworks */,
			);
			runOnlyForDeploymentPostprocessing = 0;
		};
/* End PBXFrameworksBuildPhase section */

/* Begin PBXGroup section */
		1B196637CC85DB89FC2E10A8 /* Pods */ = {
			isa = PBXGroup;
			children = (
				4F53FA3313FC230F148E28C6 /* Pods-BusinessCard.release.xcconfig */,
				E942BB22F54B919DC5361533 /* Pods-BusinessCard.debug.xcconfig */,
			);
			path = Pods;
			sourceTree = "<group>";
		};
		2E01F150295D731A00D57070 = {
			isa = PBXGroup;
			children = (
				2E01F15B295D731A00D57070 /* BusinessCard */,
				2E01F15A295D731A00D57070 /* Products */,
				1B196637CC85DB89FC2E10A8 /* Pods */,
				E0525512D513FC61FA85234F /* Frameworks */,
			);
			sourceTree = "<group>";
		};
		2E01F15A295D731A00D57070 /* Products */ = {
			isa = PBXGroup;
			children = (
				2E01F159295D731A00D57070 /* BusinessCard.app */,
			);
			name = Products;
			sourceTree = "<group>";
		};
		2E01F15B295D731A00D57070 /* BusinessCard */ = {
			isa = PBXGroup;
			children = (
				F560886E29B79ADA00DF82E9 /* Screen */,
				F5FAEDE82965DBDF00E64997 /* App */,
				F5FAEDE02965D65C00E64997 /* Resouce */,
				F5FAEDD92965BE8400E64997 /* Model */,
				F5FAEDD629649B2E00E64997 /* Utility */,
				2E01F160295D731B00D57070 /* Assets.xcassets */,
				2E01F162295D731B00D57070 /* Preview Content */,
			);
			path = BusinessCard;
			sourceTree = "<group>";
		};
		2E01F162295D731B00D57070 /* Preview Content */ = {
			isa = PBXGroup;
			children = (
				2E01F163295D731B00D57070 /* Preview Assets.xcassets */,
			);
			path = "Preview Content";
			sourceTree = "<group>";
		};
		E0525512D513FC61FA85234F /* Frameworks */ = {
			isa = PBXGroup;
			children = (
				918BE2C99162348CCE10A421 /* Pods_BusinessCard.framework */,
			);
			name = Frameworks;
			sourceTree = "<group>";
		};
		F560886E29B79ADA00DF82E9 /* Screen */ = {
			isa = PBXGroup;
			children = (
				F56088A229B79B6E00DF82E9 /* setting.swift */,
				F56088A629B79B6E00DF82E9 /* SignUp.swift */,
				F56088A429B79B6E00DF82E9 /* SignUpViewModel.swift */,
				F56088A529B79B6E00DF82E9 /* ContentView.swift */,
				F56088A129B79B6E00DF82E9 /* HomeView.swift */,
				F56088A329B79B6E00DF82E9 /* LoginView.swift */,
				F560887C29B79ADA00DF82E9 /* Create */,
				F560887029B79ADA00DF82E9 /* Card */,
			);
			name = Screen;
			path = BusinessCard/Screen;
			sourceTree = SOURCE_ROOT;
		};
		F560887029B79ADA00DF82E9 /* Card */ = {
			isa = PBXGroup;
			children = (
				F560887129B79ADA00DF82E9 /* IconToggle.swift */,
				F560887229B79ADA00DF82E9 /* CardFront.swift */,
				F560887329B79ADA00DF82E9 /* CardBack.swift */,
				F560887429B79ADA00DF82E9 /* IconView.swift */,
				F560887529B79ADA00DF82E9 /* CardView.swift */,
				F560887629B79ADA00DF82E9 /* WebViewI.swift */,
				F560887729B79ADA00DF82E9 /* WebViewT.swift */,
			);
			path = Card;
			sourceTree = "<group>";
		};
		F560887C29B79ADA00DF82E9 /* Create */ = {
			isa = PBXGroup;
			children = (
				F560887D29B79ADA00DF82E9 /* CreateViewModel.swift */,
				F560887E29B79ADA00DF82E9 /* CreateModel.swift */,
				F560887F29B79ADA00DF82E9 /* CreateView.swift */,
				F560888029B79ADA00DF82E9 /* ImagePicker.swift */,
				F560888129B79ADA00DF82E9 /* PreviewModal.swift */,
			);
			path = Create;
			sourceTree = "<group>";
		};
		F5FAEDD629649B2E00E64997 /* Utility */ = {
			isa = PBXGroup;
			children = (
				F5FAEDD729649B4300E64997 /* TextField+Extension.swift */,
			);
			path = Utility;
			sourceTree = "<group>";
		};
		F5FAEDD92965BE8400E64997 /* Model */ = {
			isa = PBXGroup;
			children = (
				F5FAEDDA2965BE8F00E64997 /* Card.swift */,
				F5FAEE222969B95500E64997 /* User.swift */,
				F5F9A11A29A63E69001AD719 /* AuthUser.swift */,
			);
			path = Model;
			sourceTree = "<group>";
		};
		F5FAEDE02965D65C00E64997 /* Resouce */ = {
			isa = PBXGroup;
			children = (
				F5FAEDDE2965D51100E64997 /* GoogleService-Info.plist */,
			);
			path = Resouce;
			sourceTree = "<group>";
		};
		F5FAEDE82965DBDF00E64997 /* App */ = {
			isa = PBXGroup;
			children = (
				F5FAEDE62965DB9E00E64997 /* BusinessCardApp.swift */,
				F5FAEDE92965DBF100E64997 /* AppDelegate.swift */,
			);
			path = App;
			sourceTree = "<group>";
		};
/* End PBXGroup section */

/* Begin PBXNativeTarget section */
		2E01F158295D731A00D57070 /* BusinessCard */ = {
			isa = PBXNativeTarget;
			buildConfigurationList = 2E01F167295D731B00D57070 /* Build configuration list for PBXNativeTarget "BusinessCard" */;
			buildPhases = (
				DDC142520FB9E659784B4C6C /* [CP] Check Pods Manifest.lock */,
				2E01F155295D731A00D57070 /* Sources */,
				2E01F156295D731A00D57070 /* Frameworks */,
				2E01F157295D731A00D57070 /* Resources */,
				AA0C09F1418A10A79B2CDAF6 /* [CP] Embed Pods Frameworks */,
			);
			buildRules = (
			);
			dependencies = (
			);
			name = BusinessCard;
			productName = BusinessCard;
			productReference = 2E01F159295D731A00D57070 /* BusinessCard.app */;
			productType = "com.apple.product-type.application";
		};
/* End PBXNativeTarget section */

/* Begin PBXProject section */
		2E01F151295D731A00D57070 /* Project object */ = {
			isa = PBXProject;
			attributes = {
				BuildIndependentTargetsInParallel = 1;
				LastSwiftUpdateCheck = 1420;
				LastUpgradeCheck = 1420;
				TargetAttributes = {
					2E01F158295D731A00D57070 = {
						CreatedOnToolsVersion = 14.2;
					};
				};
			};
			buildConfigurationList = 2E01F154295D731A00D57070 /* Build configuration list for PBXProject "BusinessCard" */;
			compatibilityVersion = "Xcode 14.0";
			developmentRegion = en;
			hasScannedForEncodings = 0;
			knownRegions = (
				en,
				Base,
			);
			mainGroup = 2E01F150295D731A00D57070;
			productRefGroup = 2E01F15A295D731A00D57070 /* Products */;
			projectDirPath = "";
			projectRoot = "";
			targets = (
				2E01F158295D731A00D57070 /* BusinessCard */,
			);
		};
/* End PBXProject section */

/* Begin PBXResourcesBuildPhase section */
		2E01F157295D731A00D57070 /* Resources */ = {
			isa = PBXResourcesBuildPhase;
			buildActionMask = 2147483647;
			files = (
				2E01F164295D731B00D57070 /* Preview Assets.xcassets in Resources */,
				2E01F161295D731B00D57070 /* Assets.xcassets in Resources */,
				F5FAEDDF2965D51100E64997 /* GoogleService-Info.plist in Resources */,
			);
			runOnlyForDeploymentPostprocessing = 0;
		};
/* End PBXResourcesBuildPhase section */

/* Begin PBXShellScriptBuildPhase section */
		AA0C09F1418A10A79B2CDAF6 /* [CP] Embed Pods Frameworks */ = {
			isa = PBXShellScriptBuildPhase;
			buildActionMask = 2147483647;
			files = (
			);
			inputFileListPaths = (
				"${PODS_ROOT}/Target Support Files/Pods-BusinessCard/Pods-BusinessCard-frameworks-${CONFIGURATION}-input-files.xcfilelist",
			);
			name = "[CP] Embed Pods Frameworks";
			outputFileListPaths = (
				"${PODS_ROOT}/Target Support Files/Pods-BusinessCard/Pods-BusinessCard-frameworks-${CONFIGURATION}-output-files.xcfilelist",
			);
			runOnlyForDeploymentPostprocessing = 0;
			shellPath = /bin/sh;
			shellScript = "\"${PODS_ROOT}/Target Support Files/Pods-BusinessCard/Pods-BusinessCard-frameworks.sh\"\n";
			showEnvVarsInLog = 0;
		};
		DDC142520FB9E659784B4C6C /* [CP] Check Pods Manifest.lock */ = {
			isa = PBXShellScriptBuildPhase;
			buildActionMask = 2147483647;
			files = (
			);
			inputFileListPaths = (
			);
			inputPaths = (
				"${PODS_PODFILE_DIR_PATH}/Podfile.lock",
				"${PODS_ROOT}/Manifest.lock",
			);
			name = "[CP] Check Pods Manifest.lock";
			outputFileListPaths = (
			);
			outputPaths = (
				"$(DERIVED_FILE_DIR)/Pods-BusinessCard-checkManifestLockResult.txt",
			);
			runOnlyForDeploymentPostprocessing = 0;
			shellPath = /bin/sh;
			shellScript = "diff \"${PODS_PODFILE_DIR_PATH}/Podfile.lock\" \"${PODS_ROOT}/Manifest.lock\" > /dev/null\nif [ $? != 0 ] ; then\n    # print error to STDERR\n    echo \"error: The sandbox is not in sync with the Podfile.lock. Run 'pod install' or update your CocoaPods installation.\" >&2\n    exit 1\nfi\n# This output is used by Xcode 'outputs' to avoid re-running this script phase.\necho \"SUCCESS\" > \"${SCRIPT_OUTPUT_FILE_0}\"\n";
			showEnvVarsInLog = 0;
		};
/* End PBXShellScriptBuildPhase section */

/* Begin PBXSourcesBuildPhase section */
		2E01F155295D731A00D57070 /* Sources */ = {
			isa = PBXSourcesBuildPhase;
			buildActionMask = 2147483647;
			files = (
				F560888429B79ADA00DF82E9 /* IconToggle.swift in Sources */,
				F5FAEDDB2965BE8F00E64997 /* Card.swift in Sources */,
				F560888629B79ADA00DF82E9 /* CardBack.swift in Sources */,
				F560888F29B79ADA00DF82E9 /* CreateViewModel.swift in Sources */,
				F5FAEDE72965DB9E00E64997 /* BusinessCardApp.swift in Sources */,
				F5FAEDD829649B4300E64997 /* TextField+Extension.swift in Sources */,
				F56088A829B79B6E00DF82E9 /* setting.swift in Sources */,
				F560889329B79ADA00DF82E9 /* PreviewModal.swift in Sources */,
				F560889129B79ADA00DF82E9 /* CreateView.swift in Sources */,
				F5FAEDEA2965DBF100E64997 /* AppDelegate.swift in Sources */,
				F5FAEE232969B95500E64997 /* User.swift in Sources */,
				F560888929B79ADA00DF82E9 /* WebViewI.swift in Sources */,
				F560888829B79ADA00DF82E9 /* CardView.swift in Sources */,
				F56088AC29B79B6E00DF82E9 /* SignUp.swift in Sources */,
				F560889229B79ADA00DF82E9 /* ImagePicker.swift in Sources */,
				F560888729B79ADA00DF82E9 /* IconView.swift in Sources */,
				F56088A929B79B6E00DF82E9 /* LoginView.swift in Sources */,
				F560888529B79ADA00DF82E9 /* CardFront.swift in Sources */,
				F56088AB29B79B6E00DF82E9 /* ContentView.swift in Sources */,
				F5F9A11B29A63E69001AD719 /* AuthUser.swift in Sources */,
				F560889029B79ADA00DF82E9 /* CreateModel.swift in Sources */,
				F560888A29B79ADA00DF82E9 /* WebViewT.swift in Sources */,
				F56088AA29B79B6E00DF82E9 /* SignUpViewModel.swift in Sources */,
				F56088A729B79B6E00DF82E9 /* HomeView.swift in Sources */,
			);
			runOnlyForDeploymentPostprocessing = 0;
		};
/* End PBXSourcesBuildPhase section */

/* Begin XCBuildConfiguration section */
		2E01F165295D731B00D57070 /* Debug */ = {
			isa = XCBuildConfiguration;
			buildSettings = {
				ALWAYS_SEARCH_USER_PATHS = NO;
				CLANG_ANALYZER_NONNULL = YES;
				CLANG_ANALYZER_NUMBER_OBJECT_CONVERSION = YES_AGGRESSIVE;
				CLANG_CXX_LANGUAGE_STANDARD = "gnu++20";
				CLANG_ENABLE_MODULES = YES;
				CLANG_ENABLE_OBJC_ARC = YES;
				CLANG_ENABLE_OBJC_WEAK = YES;
				CLANG_WARN_BLOCK_CAPTURE_AUTORELEASING = YES;
				CLANG_WARN_BOOL_CONVERSION = YES;
				CLANG_WARN_COMMA = YES;
				CLANG_WARN_CONSTANT_CONVERSION = YES;
				CLANG_WARN_DEPRECATED_OBJC_IMPLEMENTATIONS = YES;
				CLANG_WARN_DIRECT_OBJC_ISA_USAGE = YES_ERROR;
				CLANG_WARN_DOCUMENTATION_COMMENTS = YES;
				CLANG_WARN_EMPTY_BODY = YES;
				CLANG_WARN_ENUM_CONVERSION = YES;
				CLANG_WARN_INFINITE_RECURSION = YES;
				CLANG_WARN_INT_CONVERSION = YES;
				CLANG_WARN_NON_LITERAL_NULL_CONVERSION = YES;
				CLANG_WARN_OBJC_IMPLICIT_RETAIN_SELF = YES;
				CLANG_WARN_OBJC_LITERAL_CONVERSION = YES;
				CLANG_WARN_OBJC_ROOT_CLASS = YES_ERROR;
				CLANG_WARN_QUOTED_INCLUDE_IN_FRAMEWORK_HEADER = YES;
				CLANG_WARN_RANGE_LOOP_ANALYSIS = YES;
				CLANG_WARN_STRICT_PROTOTYPES = YES;
				CLANG_WARN_SUSPICIOUS_MOVE = YES;
				CLANG_WARN_UNGUARDED_AVAILABILITY = YES_AGGRESSIVE;
				CLANG_WARN_UNREACHABLE_CODE = YES;
				CLANG_WARN__DUPLICATE_METHOD_MATCH = YES;
				COPY_PHASE_STRIP = NO;
				DEBUG_INFORMATION_FORMAT = dwarf;
				ENABLE_STRICT_OBJC_MSGSEND = YES;
				ENABLE_TESTABILITY = YES;
				GCC_C_LANGUAGE_STANDARD = gnu11;
				GCC_DYNAMIC_NO_PIC = NO;
				GCC_NO_COMMON_BLOCKS = YES;
				GCC_OPTIMIZATION_LEVEL = 0;
				GCC_PREPROCESSOR_DEFINITIONS = (
					"DEBUG=1",
					"$(inherited)",
				);
				GCC_WARN_64_TO_32_BIT_CONVERSION = YES;
				GCC_WARN_ABOUT_RETURN_TYPE = YES_ERROR;
				GCC_WARN_UNDECLARED_SELECTOR = YES;
				GCC_WARN_UNINITIALIZED_AUTOS = YES_AGGRESSIVE;
				GCC_WARN_UNUSED_FUNCTION = YES;
				GCC_WARN_UNUSED_VARIABLE = YES;
				IPHONEOS_DEPLOYMENT_TARGET = 16.2;
				MTL_ENABLE_DEBUG_INFO = INCLUDE_SOURCE;
				MTL_FAST_MATH = YES;
				ONLY_ACTIVE_ARCH = YES;
				SDKROOT = iphoneos;
				SWIFT_ACTIVE_COMPILATION_CONDITIONS = DEBUG;
				SWIFT_OPTIMIZATION_LEVEL = "-Onone";
			};
			name = Debug;
		};
		2E01F166295D731B00D57070 /* Release */ = {
			isa = XCBuildConfiguration;
			buildSettings = {
				ALWAYS_SEARCH_USER_PATHS = NO;
				CLANG_ANALYZER_NONNULL = YES;
				CLANG_ANALYZER_NUMBER_OBJECT_CONVERSION = YES_AGGRESSIVE;
				CLANG_CXX_LANGUAGE_STANDARD = "gnu++20";
				CLANG_ENABLE_MODULES = YES;
				CLANG_ENABLE_OBJC_ARC = YES;
				CLANG_ENABLE_OBJC_WEAK = YES;
				CLANG_WARN_BLOCK_CAPTURE_AUTORELEASING = YES;
				CLANG_WARN_BOOL_CONVERSION = YES;
				CLANG_WARN_COMMA = YES;
				CLANG_WARN_CONSTANT_CONVERSION = YES;
				CLANG_WARN_DEPRECATED_OBJC_IMPLEMENTATIONS = YES;
				CLANG_WARN_DIRECT_OBJC_ISA_USAGE = YES_ERROR;
				CLANG_WARN_DOCUMENTATION_COMMENTS = YES;
				CLANG_WARN_EMPTY_BODY = YES;
				CLANG_WARN_ENUM_CONVERSION = YES;
				CLANG_WARN_INFINITE_RECURSION = YES;
				CLANG_WARN_INT_CONVERSION = YES;
				CLANG_WARN_NON_LITERAL_NULL_CONVERSION = YES;
				CLANG_WARN_OBJC_IMPLICIT_RETAIN_SELF = YES;
				CLANG_WARN_OBJC_LITERAL_CONVERSION = YES;
				CLANG_WARN_OBJC_ROOT_CLASS = YES_ERROR;
				CLANG_WARN_QUOTED_INCLUDE_IN_FRAMEWORK_HEADER = YES;
				CLANG_WARN_RANGE_LOOP_ANALYSIS = YES;
				CLANG_WARN_STRICT_PROTOTYPES = YES;
				CLANG_WARN_SUSPICIOUS_MOVE = YES;
				CLANG_WARN_UNGUARDED_AVAILABILITY = YES_AGGRESSIVE;
				CLANG_WARN_UNREACHABLE_CODE = YES;
				CLANG_WARN__DUPLICATE_METHOD_MATCH = YES;
				COPY_PHASE_STRIP = NO;
				DEBUG_INFORMATION_FORMAT = "dwarf-with-dsym";
				ENABLE_NS_ASSERTIONS = NO;
				ENABLE_STRICT_OBJC_MSGSEND = YES;
				GCC_C_LANGUAGE_STANDARD = gnu11;
				GCC_NO_COMMON_BLOCKS = YES;
				GCC_WARN_64_TO_32_BIT_CONVERSION = YES;
				GCC_WARN_ABOUT_RETURN_TYPE = YES_ERROR;
				GCC_WARN_UNDECLARED_SELECTOR = YES;
				GCC_WARN_UNINITIALIZED_AUTOS = YES_AGGRESSIVE;
				GCC_WARN_UNUSED_FUNCTION = YES;
				GCC_WARN_UNUSED_VARIABLE = YES;
				IPHONEOS_DEPLOYMENT_TARGET = 16.2;
				MTL_ENABLE_DEBUG_INFO = NO;
				MTL_FAST_MATH = YES;
				SDKROOT = iphoneos;
				SWIFT_COMPILATION_MODE = wholemodule;
				SWIFT_OPTIMIZATION_LEVEL = "-O";
				VALIDATE_PRODUCT = YES;
			};
			name = Release;
		};
		2E01F168295D731B00D57070 /* Debug */ = {
			isa = XCBuildConfiguration;
			baseConfigurationReference = E942BB22F54B919DC5361533 /* Pods-BusinessCard.debug.xcconfig */;
			buildSettings = {
				ASSETCATALOG_COMPILER_APPICON_NAME = AppIcon;
				ASSETCATALOG_COMPILER_GLOBAL_ACCENT_COLOR_NAME = AccentColor;
				CODE_SIGN_STYLE = Automatic;
				CURRENT_PROJECT_VERSION = 1;
				DEVELOPMENT_ASSET_PATHS = "\"BusinessCard/Preview Content\"";
				DEVELOPMENT_TEAM = "";
				ENABLE_PREVIEWS = YES;
				GENERATE_INFOPLIST_FILE = YES;
				INFOPLIST_KEY_UIApplicationSceneManifest_Generation = YES;
				INFOPLIST_KEY_UIApplicationSupportsIndirectInputEvents = YES;
				INFOPLIST_KEY_UILaunchScreen_Generation = YES;
				INFOPLIST_KEY_UISupportedInterfaceOrientations_iPad = "UIInterfaceOrientationPortrait UIInterfaceOrientationPortraitUpsideDown UIInterfaceOrientationLandscapeLeft UIInterfaceOrientationLandscapeRight";
				INFOPLIST_KEY_UISupportedInterfaceOrientations_iPhone = "UIInterfaceOrientationPortrait UIInterfaceOrientationLandscapeLeft UIInterfaceOrientationLandscapeRight";
				IPHONEOS_DEPLOYMENT_TARGET = 16.0;
				LD_RUNPATH_SEARCH_PATHS = (
					"$(inherited)",
					"@executable_path/Frameworks",
				);
				MARKETING_VERSION = 1.0;
				PRODUCT_BUNDLE_IDENTIFIER = "Swift-Beginners.BusinessCard";
				PRODUCT_NAME = "$(TARGET_NAME)";
				SUPPORTED_PLATFORMS = "iphoneos iphonesimulator";
				SUPPORTS_MACCATALYST = NO;
				SUPPORTS_MAC_DESIGNED_FOR_IPHONE_IPAD = NO;
				SWIFT_EMIT_LOC_STRINGS = YES;
				SWIFT_VERSION = 5.0;
				TARGETED_DEVICE_FAMILY = 1;
			};
			name = Debug;
		};
		2E01F169295D731B00D57070 /* Release */ = {
			isa = XCBuildConfiguration;
			baseConfigurationReference = 4F53FA3313FC230F148E28C6 /* Pods-BusinessCard.release.xcconfig */;
			buildSettings = {
				ASSETCATALOG_COMPILER_APPICON_NAME = AppIcon;
				ASSETCATALOG_COMPILER_GLOBAL_ACCENT_COLOR_NAME = AccentColor;
				CODE_SIGN_STYLE = Automatic;
				CURRENT_PROJECT_VERSION = 1;
				DEVELOPMENT_ASSET_PATHS = "\"BusinessCard/Preview Content\"";
				DEVELOPMENT_TEAM = "";
				ENABLE_PREVIEWS = YES;
				GENERATE_INFOPLIST_FILE = YES;
				INFOPLIST_KEY_UIApplicationSceneManifest_Generation = YES;
				INFOPLIST_KEY_UIApplicationSupportsIndirectInputEvents = YES;
				INFOPLIST_KEY_UILaunchScreen_Generation = YES;
				INFOPLIST_KEY_UISupportedInterfaceOrientations_iPad = "UIInterfaceOrientationPortrait UIInterfaceOrientationPortraitUpsideDown UIInterfaceOrientationLandscapeLeft UIInterfaceOrientationLandscapeRight";
				INFOPLIST_KEY_UISupportedInterfaceOrientations_iPhone = "UIInterfaceOrientationPortrait UIInterfaceOrientationLandscapeLeft UIInterfaceOrientationLandscapeRight";
				IPHONEOS_DEPLOYMENT_TARGET = 16.0;
				LD_RUNPATH_SEARCH_PATHS = (
					"$(inherited)",
					"@executable_path/Frameworks",
				);
				MARKETING_VERSION = 1.0;
				PRODUCT_BUNDLE_IDENTIFIER = "Swift-Beginners.BusinessCard";
				PRODUCT_NAME = "$(TARGET_NAME)";
				SUPPORTED_PLATFORMS = "iphoneos iphonesimulator";
				SUPPORTS_MACCATALYST = NO;
				SUPPORTS_MAC_DESIGNED_FOR_IPHONE_IPAD = NO;
				SWIFT_EMIT_LOC_STRINGS = YES;
				SWIFT_VERSION = 5.0;
				TARGETED_DEVICE_FAMILY = 1;
			};
			name = Release;
		};
/* End XCBuildConfiguration section */

/* Begin XCConfigurationList section */
		2E01F154295D731A00D57070 /* Build configuration list for PBXProject "BusinessCard" */ = {
			isa = XCConfigurationList;
			buildConfigurations = (
				2E01F165295D731B00D57070 /* Debug */,
				2E01F166295D731B00D57070 /* Release */,
			);
			defaultConfigurationIsVisible = 0;
			defaultConfigurationName = Release;
		};
		2E01F167295D731B00D57070 /* Build configuration list for PBXNativeTarget "BusinessCard" */ = {
			isa = XCConfigurationList;
			buildConfigurations = (
				2E01F168295D731B00D57070 /* Debug */,
				2E01F169295D731B00D57070 /* Release */,
			);
			defaultConfigurationIsVisible = 0;
			defaultConfigurationName = Release;
		};
/* End XCConfigurationList section */
	};
	rootObject = 2E01F151295D731A00D57070 /* Project object */;
}
